<?xml version="1.0" encoding="utf-8"?>
<Project ToolsVersion="4.0" xmlns="http://schemas.microsoft.com/developer/msbuild/2003">
  <ItemGroup>
    <Filter Include="소스 파일">
      <UniqueIdentifier>{4FC737F1-C7A5-4376-A066-2A32D752A2FF}</UniqueIdentifier>
      <Extensions>cpp;c;cc;cxx;def;odl;idl;hpj;bat;asm;asmx</Extensions>
    </Filter>
  </ItemGroup>
  <ItemGroup>
    <ClCompile Include="3079 입국 심사.cpp">
      <Filter>소스 파일</Filter>
    </ClCompile>
    <ClCompile Include="11502 세 개의 소수 문제.cpp">
      <Filter>소스 파일</Filter>
    </ClCompile>
    <ClCompile Include="2281 데스노트.cpp">
      <Filter>소스 파일</Filter>
    </ClCompile>
    <ClCompile Include="9011 순서 .cpp">
      <Filter>소스 파일</Filter>
    </ClCompile>
    <ClCompile Include="10258 스위치 배열.cpp">
      <Filter>소스 파일</Filter>
    </ClCompile>
    <ClCompile Include="1708 볼록 껍질.cpp">
      <Filter>소스 파일</Filter>
    </ClCompile>
    <ClCompile Include="1786 찾기.cpp">
      <Filter>소스 파일</Filter>
    </ClCompile>
    <ClCompile Include="2248 이진수 찾기.cpp">
      <Filter>소스 파일</Filter>
    </ClCompile>
    <ClCompile Include="1727 커플 만들기.cpp">
      <Filter>소스 파일</Filter>
    </ClCompile>
    <ClCompile Include="10255 교차점.cpp">
      <Filter>소스 파일</Filter>
    </ClCompile>
    <ClCompile Include="..\문제 풀이 컴파일 솔루션\9250 문자열 집합 판별.cpp">
      <Filter>소스 파일</Filter>
    </ClCompile>
    <ClCompile Include="..\문제 풀이 컴파일 솔루션\10256 돌연변이.cpp">
      <Filter>소스 파일</Filter>
    </ClCompile>
    <ClCompile Include="9248 Suffix Array.cpp">
      <Filter>소스 파일</Filter>
    </ClCompile>
    <ClCompile Include="1701 cubeditor.cpp">
      <Filter>소스 파일</Filter>
    </ClCompile>
    <ClCompile Include="11578 서로 다른 부분 문자열의 개수.cpp">
      <Filter>소스 파일</Filter>
    </ClCompile>
    <ClCompile Include="11479 서로 다른 부분 문자열의 개수 2.cpp">
      <Filter>소스 파일</Filter>
    </ClCompile>
    <ClCompile Include="1657 두부장수 장홍준.cpp">
      <Filter>소스 파일</Filter>
    </ClCompile>
  </ItemGroup>
  <ItemGroup>
    <None Include="9007 카누.cpp">
      <Filter>소스 파일</Filter>
    </None>
  </ItemGroup>
</Project>