<?xml version="1.0" encoding="utf-8"?>
<Project ToolsVersion="4.0" xmlns="http://schemas.microsoft.com/developer/msbuild/2003">
  <ItemGroup>
    <Filter Include="그래프">
      <UniqueIdentifier>{94351edd-42dc-4c7f-b4ca-ae108278040d}</UniqueIdentifier>
    </Filter>
    <Filter Include="네트워크 플로우">
      <UniqueIdentifier>{d50daf4c-8748-4499-9658-e2c674cd4731}</UniqueIdentifier>
    </Filter>
    <Filter Include="트리">
      <UniqueIdentifier>{500c03e3-6311-4726-a5cb-9b81c12be3a8}</UniqueIdentifier>
    </Filter>
    <Filter Include="라이브러리 사용법">
      <UniqueIdentifier>{7b60266c-aa47-4ef7-9886-b4f72814e028}</UniqueIdentifier>
    </Filter>
    <Filter Include="정수론">
      <UniqueIdentifier>{fd62cb91-7e8b-4dc8-8fd2-2ed78871424d}</UniqueIdentifier>
    </Filter>
    <Filter Include="DP">
      <UniqueIdentifier>{34057a1d-dbfe-4795-ba04-4a107305108c}</UniqueIdentifier>
    </Filter>
    <Filter Include="그리디">
      <UniqueIdentifier>{1b8ff98e-0d85-4d9e-95be-ad311a4ab55b}</UniqueIdentifier>
    </Filter>
    <Filter Include="문자열">
      <UniqueIdentifier>{2524e504-d8ce-49c9-8c41-cf229792b0ee}</UniqueIdentifier>
    </Filter>
    <Filter Include="분할 정복">
      <UniqueIdentifier>{bf2a10e0-e2ba-466e-9f3a-be8f69e2e8b3}</UniqueIdentifier>
    </Filter>
    <Filter Include="계산 기하">
      <UniqueIdentifier>{c677e9bb-5da6-4373-88ea-2927f8cc47ad}</UniqueIdentifier>
    </Filter>
    <Filter Include="완전 탐색">
      <UniqueIdentifier>{d08d6114-b97e-4dbf-9892-ffbbe4ef4b0b}</UniqueIdentifier>
    </Filter>
    <Filter Include="이분 탐색">
      <UniqueIdentifier>{f6443402-099f-486e-aabe-9b1208d996a7}</UniqueIdentifier>
    </Filter>
  </ItemGroup>
  <ItemGroup>
    <ClCompile Include="dfs.cpp">
      <Filter>그래프</Filter>
    </ClCompile>
    <ClCompile Include="bfs.cpp">
      <Filter>그래프</Filter>
    </ClCompile>
    <ClCompile Include="Dijkstra short path.cpp">
      <Filter>그래프</Filter>
    </ClCompile>
    <ClCompile Include="Bellman-Ford algorithm.cpp">
      <Filter>그래프</Filter>
    </ClCompile>
    <ClCompile Include="max cost min flow.cpp">
      <Filter>네트워크 플로우</Filter>
    </ClCompile>
    <ClCompile Include="max flow.cpp">
      <Filter>네트워크 플로우</Filter>
    </ClCompile>
    <ClCompile Include="union find.cpp">
      <Filter>트리</Filter>
    </ClCompile>
    <ClCompile Include="segment tree.cpp">
      <Filter>트리</Filter>
    </ClCompile>
    <ClCompile Include="segment tree lazy propagation.cpp">
      <Filter>트리</Filter>
    </ClCompile>
    <ClCompile Include="index tree.cpp">
      <Filter>트리</Filter>
    </ClCompile>
    <ClCompile Include="bipartite matching.cpp">
      <Filter>네트워크 플로우</Filter>
    </ClCompile>
    <ClCompile Include="Aho–Corasick string matching.cpp">
      <Filter>문자열</Filter>
    </ClCompile>
    <ClCompile Include="kmp string matching.cpp">
      <Filter>문자열</Filter>
    </ClCompile>
    <ClCompile Include="suffix array.cpp">
      <Filter>문자열</Filter>
    </ClCompile>
    <ClCompile Include="라이브러리 및 매크로.cpp">
      <Filter>라이브러리 사용법</Filter>
    </ClCompile>
    <ClCompile Include="vector 사용법.cpp">
      <Filter>라이브러리 사용법</Filter>
    </ClCompile>
    <ClCompile Include="priority_queue 사용법.cpp">
      <Filter>라이브러리 사용법</Filter>
    </ClCompile>
    <ClCompile Include="sort 사용법.cpp">
      <Filter>라이브러리 사용법</Filter>
    </ClCompile>
    <ClCompile Include="pair 사용법.cpp">
      <Filter>라이브러리 사용법</Filter>
    </ClCompile>
    <ClCompile Include="queue 사용법.cpp">
      <Filter>라이브러리 사용법</Filter>
    </ClCompile>
    <ClCompile Include="비교자 사용법.cpp">
      <Filter>라이브러리 사용법</Filter>
    </ClCompile>
    <ClCompile Include="stack 사용법.cpp">
      <Filter>라이브러리 사용법</Filter>
    </ClCompile>
    <ClCompile Include="map 사용법.cpp">
      <Filter>라이브러리 사용법</Filter>
    </ClCompile>
    <ClCompile Include="lowerbound 사용법.cpp">
      <Filter>라이브러리 사용법</Filter>
    </ClCompile>
    <ClCompile Include="유클리드 호제법.cpp">
      <Filter>정수론</Filter>
    </ClCompile>
    <ClCompile Include="lis.cpp">
      <Filter>DP</Filter>
    </ClCompile>
    <ClCompile Include="lcs.cpp">
      <Filter>DP</Filter>
    </ClCompile>
    <ClCompile Include="Shortest path first algorithm .cpp">
      <Filter>그래프</Filter>
    </ClCompile>
    <ClCompile Include="소수판별법.cpp">
      <Filter>정수론</Filter>
    </ClCompile>
    <ClCompile Include="모듈러 연산.cpp">
      <Filter>정수론</Filter>
    </ClCompile>
    <ClCompile Include="이항계수.cpp">
      <Filter>정수론</Filter>
    </ClCompile>
    <ClCompile Include="trie.cpp">
      <Filter>문자열</Filter>
    </ClCompile>
    <ClCompile Include="topology sort.cpp">
      <Filter>그래프</Filter>
    </ClCompile>
    <ClCompile Include="진법 변환.cpp">
      <Filter>정수론</Filter>
    </ClCompile>
    <ClCompile Include="피보나치 수.cpp">
      <Filter>정수론</Filter>
    </ClCompile>
    <ClCompile Include="카탈란 수.cpp">
      <Filter>정수론</Filter>
    </ClCompile>
    <ClCompile Include="오일러 피 함수.cpp">
      <Filter>정수론</Filter>
    </ClCompile>
    <ClCompile Include="플로이드 와샬 알고리즘.cpp">
      <Filter>그래프</Filter>
    </ClCompile>
    <ClCompile Include="lca.cpp">
      <Filter>트리</Filter>
    </ClCompile>
    <ClCompile Include="ccw.cpp">
      <Filter>계산 기하</Filter>
    </ClCompile>
    <ClCompile Include="Graham Scan.cpp">
      <Filter>계산 기하</Filter>
    </ClCompile>
    <ClCompile Include="선분의 교차를 판별.cpp">
      <Filter>계산 기하</Filter>
    </ClCompile>
    <ClCompile Include="Rotating Calipers.cpp">
      <Filter>계산 기하</Filter>
    </ClCompile>
    <ClCompile Include="이분탐색.cpp">
      <Filter>이분 탐색</Filter>
    </ClCompile>
    <ClCompile Include="set 사용법.cpp">
      <Filter>라이브러리 사용법</Filter>
    </ClCompile>
    <ClCompile Include="hash_map 사용법.cpp">
      <Filter>라이브러리 사용법</Filter>
    </ClCompile>
    <ClCompile Include="Kruskal’s algorithm.cpp">
      <Filter>그래프</Filter>
    </ClCompile>
    <ClCompile Include="스털링수.cpp">
      <Filter>정수론</Filter>
    </ClCompile>
    <ClCompile Include="prim algorithm.cpp">
      <Filter>그래프</Filter>
    </ClCompile>
    <ClCompile Include="결정문제 이분탐색.cpp">
      <Filter>이분 탐색</Filter>
    </ClCompile>
    <ClCompile Include="최소 정점 덮개.cpp">
      <Filter>네트워크 플로우</Filter>
    </ClCompile>
    <ClCompile Include="dp.cpp">
      <Filter>DP</Filter>
    </ClCompile>
    <ClCompile Include="벡터 클래스.cpp">
      <Filter>계산 기하</Filter>
    </ClCompile>
    <ClCompile Include="배정문제.cpp">
      <Filter>네트워크 플로우</Filter>
    </ClCompile>
    <ClCompile Include="count 사용법.cpp">
      <Filter>라이브러리 사용법</Filter>
    </ClCompile>
    <ClCompile Include="find 사용법.cpp">
      <Filter>라이브러리 사용법</Filter>
    </ClCompile>
    <ClCompile Include="fill 사용법.cpp">
      <Filter>라이브러리 사용법</Filter>
    </ClCompile>
    <ClCompile Include="revese 사용법.cpp">
      <Filter>라이브러리 사용법</Filter>
    </ClCompile>
    <ClCompile Include="rotate 사용법.cpp">
      <Filter>라이브러리 사용법</Filter>
    </ClCompile>
    <ClCompile Include="swap 사용법.cpp">
      <Filter>라이브러리 사용법</Filter>
    </ClCompile>
    <ClCompile Include="unique 사용법.cpp">
      <Filter>라이브러리 사용법</Filter>
    </ClCompile>
  </ItemGroup>
  <ItemGroup>
    <Text Include="깃허브 주소.txt" />
  </ItemGroup>
</Project>