<?xml version="1.0" encoding="utf-8"?>
<Project ToolsVersion="4.0" xmlns="http://schemas.microsoft.com/developer/msbuild/2003">
  <ItemGroup>
    <Filter Include="그래프">
      <UniqueIdentifier>{94351edd-42dc-4c7f-b4ca-ae108278040d}</UniqueIdentifier>
    </Filter>
    <Filter Include="네트워크 플로우">
      <UniqueIdentifier>{d50daf4c-8748-4499-9658-e2c674cd4731}</UniqueIdentifier>
    </Filter>
    <Filter Include="트리">
      <UniqueIdentifier>{500c03e3-6311-4726-a5cb-9b81c12be3a8}</UniqueIdentifier>
    </Filter>
    <Filter Include="라이브러리 사용법">
      <UniqueIdentifier>{7b60266c-aa47-4ef7-9886-b4f72814e028}</UniqueIdentifier>
    </Filter>
    <Filter Include="정수론">
      <UniqueIdentifier>{fd62cb91-7e8b-4dc8-8fd2-2ed78871424d}</UniqueIdentifier>
    </Filter>
    <Filter Include="그리디">
      <UniqueIdentifier>{1b8ff98e-0d85-4d9e-95be-ad311a4ab55b}</UniqueIdentifier>
    </Filter>
    <Filter Include="분할 정복">
      <UniqueIdentifier>{bf2a10e0-e2ba-466e-9f3a-be8f69e2e8b3}</UniqueIdentifier>
    </Filter>
    <Filter Include="계산 기하">
      <UniqueIdentifier>{c677e9bb-5da6-4373-88ea-2927f8cc47ad}</UniqueIdentifier>
    </Filter>
    <Filter Include="완전 탐색">
      <UniqueIdentifier>{d08d6114-b97e-4dbf-9892-ffbbe4ef4b0b}</UniqueIdentifier>
    </Filter>
    <Filter Include="이분 탐색">
      <UniqueIdentifier>{f6443402-099f-486e-aabe-9b1208d996a7}</UniqueIdentifier>
    </Filter>
    <Filter Include="배열검색">
      <UniqueIdentifier>{10e91532-a99b-45c6-b21a-fc2c482fb0df}</UniqueIdentifier>
    </Filter>
    <Filter Include="문자열 검색 및 처리">
      <UniqueIdentifier>{2524e504-d8ce-49c9-8c41-cf229792b0ee}</UniqueIdentifier>
    </Filter>
    <Filter Include="dp">
      <UniqueIdentifier>{34057a1d-dbfe-4795-ba04-4a107305108c}</UniqueIdentifier>
    </Filter>
  </ItemGroup>
  <ItemGroup>
    <ClCompile Include="그래프\Bellman-Ford algorithm.cpp">
      <Filter>그래프</Filter>
    </ClCompile>
    <ClCompile Include="그래프\bfs.cpp">
      <Filter>그래프</Filter>
    </ClCompile>
    <ClCompile Include="그래프\dfs.cpp">
      <Filter>그래프</Filter>
    </ClCompile>
    <ClCompile Include="그래프\Dijkstra short path.cpp">
      <Filter>그래프</Filter>
    </ClCompile>
    <ClCompile Include="그래프\Kruskal’s algorithm.cpp">
      <Filter>그래프</Filter>
    </ClCompile>
    <ClCompile Include="그래프\prim algorithm.cpp">
      <Filter>그래프</Filter>
    </ClCompile>
    <ClCompile Include="그래프\Shortest path first algorithm .cpp">
      <Filter>그래프</Filter>
    </ClCompile>
    <ClCompile Include="그래프\topology sort.cpp">
      <Filter>그래프</Filter>
    </ClCompile>
    <ClCompile Include="그래프\플로이드 와샬 알고리즘.cpp">
      <Filter>그래프</Filter>
    </ClCompile>
    <ClCompile Include="dp\dp 최적화 기법.cpp">
      <Filter>dp</Filter>
    </ClCompile>
    <ClCompile Include="dp\dp.cpp">
      <Filter>dp</Filter>
    </ClCompile>
    <ClCompile Include="dp\lcs.cpp">
      <Filter>dp</Filter>
    </ClCompile>
    <ClCompile Include="dp\lis.cpp">
      <Filter>dp</Filter>
    </ClCompile>
    <ClCompile Include="계산 기하\Rotating Calipers.cpp">
      <Filter>계산 기하</Filter>
    </ClCompile>
    <ClCompile Include="계산 기하\벡터 클래스.cpp">
      <Filter>계산 기하</Filter>
    </ClCompile>
    <ClCompile Include="계산 기하\ccw.cpp">
      <Filter>계산 기하</Filter>
    </ClCompile>
    <ClCompile Include="계산 기하\Graham Scan.cpp">
      <Filter>계산 기하</Filter>
    </ClCompile>
    <ClCompile Include="그리디\job 스케줄링.cpp">
      <Filter>그리디</Filter>
    </ClCompile>
    <ClCompile Include="네트워크 플로우\그래프 분류.cpp">
      <Filter>네트워크 플로우</Filter>
    </ClCompile>
    <ClCompile Include="네트워크 플로우\배정문제.cpp">
      <Filter>네트워크 플로우</Filter>
    </ClCompile>
    <ClCompile Include="네트워크 플로우\최소 정점 덮개.cpp">
      <Filter>네트워크 플로우</Filter>
    </ClCompile>
    <ClCompile Include="네트워크 플로우\bipartite matching.cpp">
      <Filter>네트워크 플로우</Filter>
    </ClCompile>
    <ClCompile Include="네트워크 플로우\max cost min flow.cpp">
      <Filter>네트워크 플로우</Filter>
    </ClCompile>
    <ClCompile Include="네트워크 플로우\max flow.cpp">
      <Filter>네트워크 플로우</Filter>
    </ClCompile>
    <ClCompile Include="라이브러리 사용법\priority_queue 사용법.cpp">
      <Filter>라이브러리 사용법</Filter>
    </ClCompile>
    <ClCompile Include="라이브러리 사용법\queue 사용법.cpp">
      <Filter>라이브러리 사용법</Filter>
    </ClCompile>
    <ClCompile Include="라이브러리 사용법\revese 사용법.cpp">
      <Filter>라이브러리 사용법</Filter>
    </ClCompile>
    <ClCompile Include="라이브러리 사용법\rotate 사용법.cpp">
      <Filter>라이브러리 사용법</Filter>
    </ClCompile>
    <ClCompile Include="라이브러리 사용법\set 사용법.cpp">
      <Filter>라이브러리 사용법</Filter>
    </ClCompile>
    <ClCompile Include="라이브러리 사용법\sort 사용법.cpp">
      <Filter>라이브러리 사용법</Filter>
    </ClCompile>
    <ClCompile Include="라이브러리 사용법\stack 사용법.cpp">
      <Filter>라이브러리 사용법</Filter>
    </ClCompile>
    <ClCompile Include="라이브러리 사용법\swap 사용법.cpp">
      <Filter>라이브러리 사용법</Filter>
    </ClCompile>
    <ClCompile Include="라이브러리 사용법\unique 사용법.cpp">
      <Filter>라이브러리 사용법</Filter>
    </ClCompile>
    <ClCompile Include="라이브러리 사용법\vector 사용법.cpp">
      <Filter>라이브러리 사용법</Filter>
    </ClCompile>
    <ClCompile Include="라이브러리 사용법\라이브러리 및 매크로.cpp">
      <Filter>라이브러리 사용법</Filter>
    </ClCompile>
    <ClCompile Include="라이브러리 사용법\비교자 사용법.cpp">
      <Filter>라이브러리 사용법</Filter>
    </ClCompile>
    <ClCompile Include="라이브러리 사용법\binary_search 사용법.cpp">
      <Filter>라이브러리 사용법</Filter>
    </ClCompile>
    <ClCompile Include="라이브러리 사용법\count 사용법.cpp">
      <Filter>라이브러리 사용법</Filter>
    </ClCompile>
    <ClCompile Include="라이브러리 사용법\fill 사용법.cpp">
      <Filter>라이브러리 사용법</Filter>
    </ClCompile>
    <ClCompile Include="라이브러리 사용법\find 사용법.cpp">
      <Filter>라이브러리 사용법</Filter>
    </ClCompile>
    <ClCompile Include="라이브러리 사용법\hash_map 사용법.cpp">
      <Filter>라이브러리 사용법</Filter>
    </ClCompile>
    <ClCompile Include="라이브러리 사용법\lowerbound 사용법.cpp">
      <Filter>라이브러리 사용법</Filter>
    </ClCompile>
    <ClCompile Include="라이브러리 사용법\map 사용법.cpp">
      <Filter>라이브러리 사용법</Filter>
    </ClCompile>
    <ClCompile Include="라이브러리 사용법\pair 사용법.cpp">
      <Filter>라이브러리 사용법</Filter>
    </ClCompile>
    <ClCompile Include="문자열 검색 및 처리\kmp string matching.cpp">
      <Filter>문자열 검색 및 처리</Filter>
    </ClCompile>
    <ClCompile Include="문자열 검색 및 처리\suffix array and LCP array.cpp">
      <Filter>문자열 검색 및 처리</Filter>
    </ClCompile>
    <ClCompile Include="문자열 검색 및 처리\trie.cpp">
      <Filter>문자열 검색 및 처리</Filter>
    </ClCompile>
    <ClCompile Include="문자열 검색 및 처리\Aho–Corasick string matching.cpp">
      <Filter>문자열 검색 및 처리</Filter>
    </ClCompile>
    <ClCompile Include="이분 탐색\결정문제 이분탐색.cpp">
      <Filter>이분 탐색</Filter>
    </ClCompile>
    <ClCompile Include="이분 탐색\이분탐색.cpp">
      <Filter>이분 탐색</Filter>
    </ClCompile>
    <ClCompile Include="정수론\유클리드 호제법.cpp">
      <Filter>정수론</Filter>
    </ClCompile>
    <ClCompile Include="정수론\이항계수.cpp">
      <Filter>정수론</Filter>
    </ClCompile>
    <ClCompile Include="정수론\진법 변환.cpp">
      <Filter>정수론</Filter>
    </ClCompile>
    <ClCompile Include="정수론\카탈란 수.cpp">
      <Filter>정수론</Filter>
    </ClCompile>
    <ClCompile Include="정수론\피보나치 수.cpp">
      <Filter>정수론</Filter>
    </ClCompile>
    <ClCompile Include="정수론\모듈러 연산.cpp">
      <Filter>정수론</Filter>
    </ClCompile>
    <ClCompile Include="정수론\소수판별법.cpp">
      <Filter>정수론</Filter>
    </ClCompile>
    <ClCompile Include="정수론\스털링수.cpp">
      <Filter>정수론</Filter>
    </ClCompile>
    <ClCompile Include="정수론\오일러 피 함수.cpp">
      <Filter>정수론</Filter>
    </ClCompile>
    <ClCompile Include="트리\lca.cpp">
      <Filter>트리</Filter>
    </ClCompile>
    <ClCompile Include="트리\segment tree lazy propagation.cpp">
      <Filter>트리</Filter>
    </ClCompile>
    <ClCompile Include="트리\segment tree.cpp">
      <Filter>트리</Filter>
    </ClCompile>
    <ClCompile Include="트리\union find.cpp">
      <Filter>트리</Filter>
    </ClCompile>
    <ClCompile Include="트리\트리의 지름.cpp">
      <Filter>트리</Filter>
    </ClCompile>
    <ClCompile Include="트리\index tree.cpp">
      <Filter>트리</Filter>
    </ClCompile>
    <ClCompile Include="tuple 사용법.cpp">
      <Filter>라이브러리 사용법</Filter>
    </ClCompile>
    <ClCompile Include="deque 사용법.cpp">
      <Filter>라이브러리 사용법</Filter>
    </ClCompile>
    <ClCompile Include="string 사용법.cpp">
      <Filter>라이브러리 사용법</Filter>
    </ClCompile>
    <ClCompile Include="계산 기하\두선의 교차 판별.cpp">
      <Filter>계산 기하</Filter>
    </ClCompile>
    <ClCompile Include="면적 구하기.cpp">
      <Filter>계산 기하</Filter>
    </ClCompile>
    <ClCompile Include="내부 외부 판별.cpp">
      <Filter>계산 기하</Filter>
    </ClCompile>
    <ClCompile Include="최대 독립 집합.cpp">
      <Filter>네트워크 플로우</Filter>
    </ClCompile>
    <ClCompile Include="분할정복.cpp">
      <Filter>분할 정복</Filter>
    </ClCompile>
    <ClCompile Include="two pointer.cpp">
      <Filter>완전 탐색</Filter>
    </ClCompile>
    <ClCompile Include="line sweeping.cpp">
      <Filter>완전 탐색</Filter>
    </ClCompile>
    <ClCompile Include="양쪽으로 왔다갔다 하며 증가하는 dp.cpp">
      <Filter>dp</Filter>
    </ClCompile>
    <ClCompile Include="직사각형의 합집합 면적.cpp">
      <Filter>계산 기하</Filter>
    </ClCompile>
    <ClCompile Include="막대기 자르기 dp.cpp">
      <Filter>dp</Filter>
    </ClCompile>
  </ItemGroup>
  <ItemGroup>
    <Text Include="깃허브 주소.txt" />
    <Text Include="boj문제 분류.txt" />
  </ItemGroup>
</Project>